// !$*UTF8*$!
{
	archiveVersion = 1;
	classes = {
	};
	objectVersion = 46;
	objects = {

/* Begin PBXBuildFile section */
		FA96328A19F9A02900D9CB05 /* main.m in Sources */ = {isa = PBXBuildFile; fileRef = FA96328919F9A02900D9CB05 /* main.m */; };
		FA96328D19F9A02900D9CB05 /* AppDelegate.m in Sources */ = {isa = PBXBuildFile; fileRef = FA96328C19F9A02900D9CB05 /* AppDelegate.m */; };
		FA96329019F9A02900D9CB05 /* ViewController.m in Sources */ = {isa = PBXBuildFile; fileRef = FA96328F19F9A02900D9CB05 /* ViewController.m */; };
		FA96329319F9A02900D9CB05 /* Main.storyboard in Resources */ = {isa = PBXBuildFile; fileRef = FA96329119F9A02900D9CB05 /* Main.storyboard */; };
		FA96329519F9A02900D9CB05 /* Images.xcassets in Resources */ = {isa = PBXBuildFile; fileRef = FA96329419F9A02900D9CB05 /* Images.xcassets */; };
		FA96329819F9A02900D9CB05 /* LaunchScreen.xib in Resources */ = {isa = PBXBuildFile; fileRef = FA96329619F9A02900D9CB05 /* LaunchScreen.xib */; };
		FA9632A419F9A02900D9CB05 /* CodeChallenge1Tests.m in Sources */ = {isa = PBXBuildFile; fileRef = FA9632A319F9A02900D9CB05 /* CodeChallenge1Tests.m */; };
		FAF9D1AD19F9AAA5005A6751 /* WebViewController.m in Sources */ = {isa = PBXBuildFile; fileRef = FAF9D1AC19F9AAA5005A6751 /* WebViewController.m */; };
/* End PBXBuildFile section */

/* Begin PBXContainerItemProxy section */
		FA96329E19F9A02900D9CB05 /* PBXContainerItemProxy */ = {
			isa = PBXContainerItemProxy;
			containerPortal = FA96327C19F9A02900D9CB05 /* Project object */;
			proxyType = 1;
			remoteGlobalIDString = FA96328319F9A02900D9CB05;
			remoteInfo = CodeChallenge1;
		};
/* End PBXContainerItemProxy section */

/* Begin PBXFileReference section */
		FA96328419F9A02900D9CB05 /* CodeChallenge1.app */ = {isa = PBXFileReference; explicitFileType = wrapper.application; includeInIndex = 0; path = CodeChallenge1.app; sourceTree = BUILT_PRODUCTS_DIR; };
		FA96328819F9A02900D9CB05 /* Info.plist */ = {isa = PBXFileReference; lastKnownFileType = text.plist.xml; path = Info.plist; sourceTree = "<group>"; };
		FA96328919F9A02900D9CB05 /* main.m */ = {isa = PBXFileReference; lastKnownFileType = sourcecode.c.objc; path = main.m; sourceTree = "<group>"; };
		FA96328B19F9A02900D9CB05 /* AppDelegate.h */ = {isa = PBXFileReference; lastKnownFileType = sourcecode.c.h; path = AppDelegate.h; sourceTree = "<group>"; };
		FA96328C19F9A02900D9CB05 /* AppDelegate.m */ = {isa = PBXFileReference; lastKnownFileType = sourcecode.c.objc; path = AppDelegate.m; sourceTree = "<group>"; };
		FA96328E19F9A02900D9CB05 /* ViewController.h */ = {isa = PBXFileReference; lastKnownFileType = sourcecode.c.h; path = ViewController.h; sourceTree = "<group>"; };
		FA96328F19F9A02900D9CB05 /* ViewController.m */ = {isa = PBXFileReference; lastKnownFileType = sourcecode.c.objc; path = ViewController.m; sourceTree = "<group>"; };
		FA96329219F9A02900D9CB05 /* Base */ = {isa = PBXFileReference; lastKnownFileType = file.storyboard; name = Base; path = Base.lproj/Main.storyboard; sourceTree = "<group>"; };
		FA96329419F9A02900D9CB05 /* Images.xcassets */ = {isa = PBXFileReference; lastKnownFileType = folder.assetcatalog; path = Images.xcassets; sourceTree = "<group>"; };
		FA96329719F9A02900D9CB05 /* Base */ = {isa = PBXFileReference; lastKnownFileType = file.xib; name = Base; path = Base.lproj/LaunchScreen.xib; sourceTree = "<group>"; };
		FA96329D19F9A02900D9CB05 /* CodeChallenge1Tests.xctest */ = {isa = PBXFileReference; explicitFileType = wrapper.cfbundle; includeInIndex = 0; path = CodeChallenge1Tests.xctest; sourceTree = BUILT_PRODUCTS_DIR; };
		FA9632A219F9A02900D9CB05 /* Info.plist */ = {isa = PBXFileReference; lastKnownFileType = text.plist.xml; path = Info.plist; sourceTree = "<group>"; };
		FA9632A319F9A02900D9CB05 /* CodeChallenge1Tests.m */ = {isa = PBXFileReference; lastKnownFileType = sourcecode.c.objc; path = CodeChallenge1Tests.m; sourceTree = "<group>"; };
		FAF9D1AB19F9AAA5005A6751 /* WebViewController.h */ = {isa = PBXFileReference; fileEncoding = 4; lastKnownFileType = sourcecode.c.h; path = WebViewController.h; sourceTree = "<group>"; };
		FAF9D1AC19F9AAA5005A6751 /* WebViewController.m */ = {isa = PBXFileReference; fileEncoding = 4; lastKnownFileType = sourcecode.c.objc; path = WebViewController.m; sourceTree = "<group>"; };
/* End PBXFileReference section */

/* Begin PBXFrameworksBuildPhase section */
		FA96328119F9A02900D9CB05 /* Frameworks */ = {
			isa = PBXFrameworksBuildPhase;
			buildActionMask = 2147483647;
			files = (
			);
			runOnlyForDeploymentPostprocessing = 0;
		};
		FA96329A19F9A02900D9CB05 /* Frameworks */ = {
			isa = PBXFrameworksBuildPhase;
			buildActionMask = 2147483647;
			files = (
			);
			runOnlyForDeploymentPostprocessing = 0;
		};
/* End PBXFrameworksBuildPhase section */

/* Begin PBXGroup section */
		FA96327B19F9A02900D9CB05 = {
			isa = PBXGroup;
			children = (
				FA96328619F9A02900D9CB05 /* CodeChallenge1 */,
				FA9632A019F9A02900D9CB05 /* CodeChallenge1Tests */,
				FA96328519F9A02900D9CB05 /* Products */,
			);
			sourceTree = "<group>";
		};
		FA96328519F9A02900D9CB05 /* Products */ = {
			isa = PBXGroup;
			children = (
				FA96328419F9A02900D9CB05 /* CodeChallenge1.app */,
				FA96329D19F9A02900D9CB05 /* CodeChallenge1Tests.xctest */,
			);
			name = Products;
			sourceTree = "<group>";
		};
		FA96328619F9A02900D9CB05 /* CodeChallenge1 */ = {
			isa = PBXGroup;
			children = (
				FA96328B19F9A02900D9CB05 /* AppDelegate.h */,
				FA96328C19F9A02900D9CB05 /* AppDelegate.m */,
				FA96328E19F9A02900D9CB05 /* ViewController.h */,
				FA96328F19F9A02900D9CB05 /* ViewController.m */,
				FAF9D1AB19F9AAA5005A6751 /* WebViewController.h */,
				FAF9D1AC19F9AAA5005A6751 /* WebViewController.m */,
				FA96329119F9A02900D9CB05 /* Main.storyboard */,
				FA96329419F9A02900D9CB05 /* Images.xcassets */,
				FA96329619F9A02900D9CB05 /* LaunchScreen.xib */,
				FA96328719F9A02900D9CB05 /* Supporting Files */,
			);
			path = CodeChallenge1;
			sourceTree = "<group>";
		};
		FA96328719F9A02900D9CB05 /* Supporting Files */ = {
			isa = PBXGroup;
			children = (
				FA96328819F9A02900D9CB05 /* Info.plist */,
				FA96328919F9A02900D9CB05 /* main.m */,
			);
			name = "Supporting Files";
			sourceTree = "<group>";
		};
		FA9632A019F9A02900D9CB05 /* CodeChallenge1Tests */ = {
			isa = PBXGroup;
			children = (
				FA9632A319F9A02900D9CB05 /* CodeChallenge1Tests.m */,
				FA9632A119F9A02900D9CB05 /* Supporting Files */,
			);
			path = CodeChallenge1Tests;
			sourceTree = "<group>";
		};
		FA9632A119F9A02900D9CB05 /* Supporting Files */ = {
			isa = PBXGroup;
			children = (
				FA9632A219F9A02900D9CB05 /* Info.plist */,
			);
			name = "Supporting Files";
			sourceTree = "<group>";
		};
/* End PBXGroup section */

/* Begin PBXNativeTarget section */
		FA96328319F9A02900D9CB05 /* CodeChallenge1 */ = {
			isa = PBXNativeTarget;
			buildConfigurationList = FA9632A719F9A02900D9CB05 /* Build configuration list for PBXNativeTarget "CodeChallenge1" */;
			buildPhases = (
				FA96328019F9A02900D9CB05 /* Sources */,
				FA96328119F9A02900D9CB05 /* Frameworks */,
				FA96328219F9A02900D9CB05 /* Resources */,
			);
			buildRules = (
			);
			dependencies = (
			);
			name = CodeChallenge1;
			productName = CodeChallenge1;
			productReference = FA96328419F9A02900D9CB05 /* CodeChallenge1.app */;
			productType = "com.apple.product-type.application";
		};
		FA96329C19F9A02900D9CB05 /* CodeChallenge1Tests */ = {
			isa = PBXNativeTarget;
			buildConfigurationList = FA9632AA19F9A02900D9CB05 /* Build configuration list for PBXNativeTarget "CodeChallenge1Tests" */;
			buildPhases = (
				FA96329919F9A02900D9CB05 /* Sources */,
				FA96329A19F9A02900D9CB05 /* Frameworks */,
				FA96329B19F9A02900D9CB05 /* Resources */,
			);
			buildRules = (
			);
			dependencies = (
				FA96329F19F9A02900D9CB05 /* PBXTargetDependency */,
			);
			name = CodeChallenge1Tests;
			productName = CodeChallenge1Tests;
			productReference = FA96329D19F9A02900D9CB05 /* CodeChallenge1Tests.xctest */;
			productType = "com.apple.product-type.bundle.unit-test";
		};
/* End PBXNativeTarget section */

/* Begin PBXProject section */
		FA96327C19F9A02900D9CB05 /* Project object */ = {
			isa = PBXProject;
			attributes = {
				LastUpgradeCheck = 0610;
				ORGANIZATIONNAME = "Alexey Emelyanov";
				TargetAttributes = {
					FA96328319F9A02900D9CB05 = {
						CreatedOnToolsVersion = 6.1;
					};
					FA96329C19F9A02900D9CB05 = {
						CreatedOnToolsVersion = 6.1;
						TestTargetID = FA96328319F9A02900D9CB05;
					};
				};
			};
			buildConfigurationList = FA96327F19F9A02900D9CB05 /* Build configuration list for PBXProject "CodeChallenge1" */;
			compatibilityVersion = "Xcode 3.2";
			developmentRegion = English;
			hasScannedForEncodings = 0;
			knownRegions = (
				en,
				Base,
			);
			mainGroup = FA96327B19F9A02900D9CB05;
			productRefGroup = FA96328519F9A02900D9CB05 /* Products */;
			projectDirPath = "";
			projectRoot = "";
			targets = (
				FA96328319F9A02900D9CB05 /* CodeChallenge1 */,
				FA96329C19F9A02900D9CB05 /* CodeChallenge1Tests */,
			);
		};
/* End PBXProject section */

/* Begin PBXResourcesBuildPhase section */
		FA96328219F9A02900D9CB05 /* Resources */ = {
			isa = PBXResourcesBuildPhase;
			buildActionMask = 2147483647;
			files = (
				FA96329319F9A02900D9CB05 /* Main.storyboard in Resources */,
				FA96329819F9A02900D9CB05 /* LaunchScreen.xib in Resources */,
				FA96329519F9A02900D9CB05 /* Images.xcassets in Resources */,
			);
			runOnlyForDeploymentPostprocessing = 0;
		};
		FA96329B19F9A02900D9CB05 /* Resources */ = {
			isa = PBXResourcesBuildPhase;
			buildActionMask = 2147483647;
			files = (
			);
			runOnlyForDeploymentPostprocessing = 0;
		};
/* End PBXResourcesBuildPhase section */

/* Begin PBXSourcesBuildPhase section */
		FA96328019F9A02900D9CB05 /* Sources */ = {
			isa = PBXSourcesBuildPhase;
			buildActionMask = 2147483647;
			files = (
				FA96329019F9A02900D9CB05 /* ViewController.m in Sources */,
				FA96328D19F9A02900D9CB05 /* AppDelegate.m in Sources */,
				FA96328A19F9A02900D9CB05 /* main.m in Sources */,
				FAF9D1AD19F9AAA5005A6751 /* WebViewController.m in Sources */,
			);
			runOnlyForDeploymentPostprocessing = 0;
		};
		FA96329919F9A02900D9CB05 /* Sources */ = {
			isa = PBXSourcesBuildPhase;
			buildActionMask = 2147483647;
			files = (
				FA9632A419F9A02900D9CB05 /* CodeChallenge1Tests.m in Sources */,
			);
			runOnlyForDeploymentPostprocessing = 0;
		};
/* End PBXSourcesBuildPhase section */

/* Begin PBXTargetDependency section */
		FA96329F19F9A02900D9CB05 /* PBXTargetDependency */ = {
			isa = PBXTargetDependency;
			target = FA96328319F9A02900D9CB05 /* CodeChallenge1 */;
			targetProxy = FA96329E19F9A02900D9CB05 /* PBXContainerItemProxy */;
		};
/* End PBXTargetDependency section */

/* Begin PBXVariantGroup section */
		FA96329119F9A02900D9CB05 /* Main.storyboard */ = {
			isa = PBXVariantGroup;
			children = (
				FA96329219F9A02900D9CB05 /* Base */,
			);
			name = Main.storyboard;
			sourceTree = "<group>";
		};
		FA96329619F9A02900D9CB05 /* LaunchScreen.xib */ = {
			isa = PBXVariantGroup;
			children = (
				FA96329719F9A02900D9CB05 /* Base */,
			);
			name = LaunchScreen.xib;
			sourceTree = "<group>";
		};
/* End PBXVariantGroup section */

/* Begin XCBuildConfiguration section */
		FA9632A519F9A02900D9CB05 /* Debug */ = {
			isa = XCBuildConfiguration;
			buildSettings = {
				ALWAYS_SEARCH_USER_PATHS = NO;
				CLANG_CXX_LANGUAGE_STANDARD = "gnu++0x";
				CLANG_CXX_LIBRARY = "libc++";
				CLANG_ENABLE_MODULES = YES;
				CLANG_ENABLE_OBJC_ARC = YES;
				CLANG_WARN_BOOL_CONVERSION = YES;
				CLANG_WARN_CONSTANT_CONVERSION = YES;
				CLANG_WARN_DIRECT_OBJC_ISA_USAGE = YES_ERROR;
				CLANG_WARN_EMPTY_BODY = YES;
				CLANG_WARN_ENUM_CONVERSION = YES;
				CLANG_WARN_INT_CONVERSION = YES;
				CLANG_WARN_OBJC_ROOT_CLASS = YES_ERROR;
				CLANG_WARN_UNREACHABLE_CODE = YES;
				CLANG_WARN__DUPLICATE_METHOD_MATCH = YES;
				"CODE_SIGN_IDENTITY[sdk=iphoneos*]" = "iPhone Developer";
				COPY_PHASE_STRIP = NO;
				ENABLE_STRICT_OBJC_MSGSEND = YES;
				GCC_C_LANGUAGE_STANDARD = gnu99;
				GCC_DYNAMIC_NO_PIC = NO;
				GCC_OPTIMIZATION_LEVEL = 0;
				GCC_PREPROCESSOR_DEFINITIONS = (
					"DEBUG=1",
					"$(inherited)",
				);
				GCC_SYMBOLS_PRIVATE_EXTERN = NO;
				GCC_WARN_64_TO_32_BIT_CONVERSION = YES;
				GCC_WARN_ABOUT_RETURN_TYPE = YES_ERROR;
				GCC_WARN_UNDECLARED_SELECTOR = YES;
				GCC_WARN_UNINITIALIZED_AUTOS = YES_AGGRESSIVE;
				GCC_WARN_UNUSED_FUNCTION = YES;
				GCC_WARN_UNUSED_VARIABLE = YES;
				IPHONEOS_DEPLOYMENT_TARGET = 8.1;
				MTL_ENABLE_DEBUG_INFO = YES;
				ONLY_ACTIVE_ARCH = YES;
				SDKROOT = iphoneos;
			};
			name = Debug;
		};
		FA9632A619F9A02900D9CB05 /* Release */ = {
			isa = XCBuildConfiguration;
			buildSettings = {
				ALWAYS_SEARCH_USER_PATHS = NO;
				CLANG_CXX_LANGUAGE_STANDARD = "gnu++0x";
				CLANG_CXX_LIBRARY = "libc++";
				CLANG_ENABLE_MODULES = YES;
				CLANG_ENABLE_OBJC_ARC = YES;
				CLANG_WARN_BOOL_CONVERSION = YES;
				CLANG_WARN_CONSTANT_CONVERSION = YES;
				CLANG_WARN_DIRECT_OBJC_ISA_USAGE = YES_ERROR;
				CLANG_WARN_EMPTY_BODY = YES;
				CLANG_WARN_ENUM_CONVERSION = YES;
				CLANG_WARN_INT_CONVERSION = YES;
				CLANG_WARN_OBJC_ROOT_CLASS = YES_ERROR;
				CLANG_WARN_UNREACHABLE_CODE = YES;
				CLANG_WARN__DUPLICATE_METHOD_MATCH = YES;
				"CODE_SIGN_IDENTITY[sdk=iphoneos*]" = "iPhone Developer";
				COPY_PHASE_STRIP = YES;
				ENABLE_NS_ASSERTIONS = NO;
				ENABLE_STRICT_OBJC_MSGSEND = YES;
				GCC_C_LANGUAGE_STANDARD = gnu99;
				GCC_WARN_64_TO_32_BIT_CONVERSION = YES;
				GCC_WARN_ABOUT_RETURN_TYPE = YES_ERROR;
				GCC_WARN_UNDECLARED_SELECTOR = YES;
				GCC_WARN_UNINITIALIZED_AUTOS = YES_AGGRESSIVE;
				GCC_WARN_UNUSED_FUNCTION = YES;
				GCC_WARN_UNUSED_VARIABLE = YES;
				IPHONEOS_DEPLOYMENT_TARGET = 8.1;
				MTL_ENABLE_DEBUG_INFO = NO;
				SDKROOT = iphoneos;
				VALIDATE_PRODUCT = YES;
			};
			name = Release;
		};
		FA9632A819F9A02900D9CB05 /* Debug */ = {
			isa = XCBuildConfiguration;
			buildSettings = {
				ASSETCATALOG_COMPILER_APPICON_NAME = AppIcon;
				INFOPLIST_FILE = CodeChallenge1/Info.plist;
				LD_RUNPATH_SEARCH_PATHS = "$(inherited) @executable_path/Frameworks";
				PRODUCT_NAME = "$(TARGET_NAME)";
			};
			name = Debug;
		};
		FA9632A919F9A02900D9CB05 /* Release */ = {
			isa = XCBuildConfiguration;
			buildSettings = {
				ASSETCATALOG_COMPILER_APPICON_NAME = AppIcon;
				INFOPLIST_FILE = CodeChallenge1/Info.plist;
				LD_RUNPATH_SEARCH_PATHS = "$(inherited) @executable_path/Frameworks";
				PRODUCT_NAME = "$(TARGET_NAME)";
			};
			name = Release;
		};
		FA9632AB19F9A02900D9CB05 /* Debug */ = {
			isa = XCBuildConfiguration;
			buildSettings = {
				BUNDLE_LOADER = "$(TEST_HOST)";
				FRAMEWORK_SEARCH_PATHS = (
					"$(SDKROOT)/Developer/Library/Frameworks",
					"$(inherited)",
				);
				GCC_PREPROCESSOR_DEFINITIONS = (
					"DEBUG=1",
					"$(inherited)",
				);
				INFOPLIST_FILE = CodeChallenge1Tests/Info.plist;
				LD_RUNPATH_SEARCH_PATHS = "$(inherited) @executable_path/Frameworks @loader_path/Frameworks";
				PRODUCT_NAME = "$(TARGET_NAME)";
				TEST_HOST = "$(BUILT_PRODUCTS_DIR)/CodeChallenge1.app/CodeChallenge1";
			};
			name = Debug;
		};
		FA9632AC19F9A02900D9CB05 /* Release */ = {
			isa = XCBuildConfiguration;
			buildSettings = {
				BUNDLE_LOADER = "$(TEST_HOST)";
				FRAMEWORK_SEARCH_PATHS = (
					"$(SDKROOT)/Developer/Library/Frameworks",
					"$(inherited)",
				);
				INFOPLIST_FILE = CodeChallenge1Tests/Info.plist;
				LD_RUNPATH_SEARCH_PATHS = "$(inherited) @executable_path/Frameworks @loader_path/Frameworks";
				PRODUCT_NAME = "$(TARGET_NAME)";
				TEST_HOST = "$(BUILT_PRODUCTS_DIR)/CodeChallenge1.app/CodeChallenge1";
			};
			name = Release;
		};
/* End XCBuildConfiguration section */

/* Begin XCConfigurationList section */
		FA96327F19F9A02900D9CB05 /* Build configuration list for PBXProject "CodeChallenge1" */ = {
			isa = XCConfigurationList;
			buildConfigurations = (
				FA9632A519F9A02900D9CB05 /* Debug */,
				FA9632A619F9A02900D9CB05 /* Release */,
			);
			defaultConfigurationIsVisible = 0;
			defaultConfigurationName = Release;
		};
		FA9632A719F9A02900D9CB05 /* Build configuration list for PBXNativeTarget "CodeChallenge1" */ = {
			isa = XCConfigurationList;
			buildConfigurations = (
				FA9632A819F9A02900D9CB05 /* Debug */,
				FA9632A919F9A02900D9CB05 /* Release */,
			);
			defaultConfigurationIsVisible = 0;
			defaultConfigurationName = Release;
		};
		FA9632AA19F9A02900D9CB05 /* Build configuration list for PBXNativeTarget "CodeChallenge1Tests" */ = {
			isa = XCConfigurationList;
			buildConfigurations = (
				FA9632AB19F9A02900D9CB05 /* Debug */,
				FA9632AC19F9A02900D9CB05 /* Release */,
			);
			defaultConfigurationIsVisible = 0;
			defaultConfigurationName = Release;
		};
/* End XCConfigurationList section */
	};
	rootObject = FA96327C19F9A02900D9CB05 /* Project object */;
}
